// !$*UTF8*$!
{
	archiveVersion = 1;
	classes = {
	};
	objectVersion = 46;
	objects = {

/* Begin PBXBuildFile section */
		63E94952D8E34BA29690C9D6 /* libPods.a in Frameworks */ = {isa = PBXBuildFile; fileRef = 8F26BE23C1414786939AA9D3 /* libPods.a */; };
		6517C0F115E149BD00135B11 /* Cocoa.framework in Frameworks */ = {isa = PBXBuildFile; fileRef = 6517C0F015E149BD00135B11 /* Cocoa.framework */; };
		6517C0FB15E149BD00135B11 /* InfoPlist.strings in Resources */ = {isa = PBXBuildFile; fileRef = 6517C0F915E149BD00135B11 /* InfoPlist.strings */; };
		6517C0FD15E149BD00135B11 /* main.m in Sources */ = {isa = PBXBuildFile; fileRef = 6517C0FC15E149BD00135B11 /* main.m */; };
		6517C10115E149BD00135B11 /* Credits.rtf in Resources */ = {isa = PBXBuildFile; fileRef = 6517C0FF15E149BD00135B11 /* Credits.rtf */; };
		6517C10415E149BD00135B11 /* AppDelegate.m in Sources */ = {isa = PBXBuildFile; fileRef = 6517C10315E149BD00135B11 /* AppDelegate.m */; };
		6517C10715E149BD00135B11 /* MainMenu.xib in Resources */ = {isa = PBXBuildFile; fileRef = 6517C10515E149BD00135B11 /* MainMenu.xib */; };
		6517C10F15E149BE00135B11 /* SenTestingKit.framework in Frameworks */ = {isa = PBXBuildFile; fileRef = 6517C10E15E149BE00135B11 /* SenTestingKit.framework */; };
		6517C11015E149BE00135B11 /* Cocoa.framework in Frameworks */ = {isa = PBXBuildFile; fileRef = 6517C0F015E149BD00135B11 /* Cocoa.framework */; };
		6517C11815E149BE00135B11 /* InfoPlist.strings in Resources */ = {isa = PBXBuildFile; fileRef = 6517C11615E149BE00135B11 /* InfoPlist.strings */; };
		6517C11B15E149BE00135B11 /* ForemanTests.m in Sources */ = {isa = PBXBuildFile; fileRef = 6517C11A15E149BE00135B11 /* ForemanTests.m */; };
		6517C12E15E1563E00135B11 /* DragReceiver.m in Sources */ = {isa = PBXBuildFile; fileRef = 6517C12D15E1563E00135B11 /* DragReceiver.m */; };
		651CDD8A15E7943200461C13 /* AppGroupView.xib in Resources */ = {isa = PBXBuildFile; fileRef = 651CDD8915E7943200461C13 /* AppGroupView.xib */; };
		654CA53315F80C5E00779BE9 /* icon.icns in Resources */ = {isa = PBXBuildFile; fileRef = 654CA53215F80C5E00779BE9 /* icon.icns */; };
		655AB71E15F0CA0F00C842BA /* AppGroupView.m in Sources */ = {isa = PBXBuildFile; fileRef = 655AB71D15F0CA0F00C842BA /* AppGroupView.m */; };
		655AB72A15F0D27600C842BA /* BaseAppView.m in Sources */ = {isa = PBXBuildFile; fileRef = 655AB72915F0D27600C842BA /* BaseAppView.m */; };
		6576BB4415E7FD0600FB5A98 /* NewAppGroupViewController.m in Sources */ = {isa = PBXBuildFile; fileRef = 6576BB4315E7FD0600FB5A98 /* NewAppGroupViewController.m */; };
		6576BB4A15E7FF8500FB5A98 /* NewAppGroupView.m in Sources */ = {isa = PBXBuildFile; fileRef = 6576BB4915E7FF8500FB5A98 /* NewAppGroupView.m */; };
		6576BB4E15E8007000FB5A98 /* AppReceiver.m in Sources */ = {isa = PBXBuildFile; fileRef = 6576BB4D15E8007000FB5A98 /* AppReceiver.m */; };
		65D663AD15E5A4FD00C41FEA /* AppGroupController.m in Sources */ = {isa = PBXBuildFile; fileRef = 65D663AC15E5A4FD00C41FEA /* AppGroupController.m */; };
		65D663B115E5A61800C41FEA /* IconListView.m in Sources */ = {isa = PBXBuildFile; fileRef = 65D663B015E5A61800C41FEA /* IconListView.m */; };
		65DE63B915F1718C007BF140 /* bg.png in Resources */ = {isa = PBXBuildFile; fileRef = 65DE63B815F1718C007BF140 /* bg.png */; };
		65F8B6B315F24E280002EAC6 /* app-group-bg.png in Resources */ = {isa = PBXBuildFile; fileRef = 65F8B6B215F24E280002EAC6 /* app-group-bg.png */; };
		65F8B6B615F251FF0002EAC6 /* app-group-bg-highlighted.png in Resources */ = {isa = PBXBuildFile; fileRef = 65F8B6B515F251FF0002EAC6 /* app-group-bg-highlighted.png */; };
		65F8B6B815F253990002EAC6 /* grey.png in Resources */ = {isa = PBXBuildFile; fileRef = 65F8B6B715F253990002EAC6 /* grey.png */; };
		65F8B6BA15F254B50002EAC6 /* shattered.png in Resources */ = {isa = PBXBuildFile; fileRef = 65F8B6B915F254B50002EAC6 /* shattered.png */; };
		65F8B6BC15F255100002EAC6 /* crisp_paper_ruffles.png in Resources */ = {isa = PBXBuildFile; fileRef = 65F8B6BB15F255100002EAC6 /* crisp_paper_ruffles.png */; };
		65F8FEE415F3958C00362DB0 /* Icon.xib in Resources */ = {isa = PBXBuildFile; fileRef = 65F8FEE315F3958C00362DB0 /* Icon.xib */; };
		65F8FEEC15F3A18400362DB0 /* IconViewController.m in Sources */ = {isa = PBXBuildFile; fileRef = 65F8FEEB15F3A18400362DB0 /* IconViewController.m */; };
		65F8FEEF15F4F6D900362DB0 /* IconView.m in Sources */ = {isa = PBXBuildFile; fileRef = 65F8FEEE15F4F6D900362DB0 /* IconView.m */; };
		65FD49FC15F8B23A0035C8C4 /* icons.icns in Resources */ = {isa = PBXBuildFile; fileRef = 65FD49FB15F8B23A0035C8C4 /* icons.icns */; };
		E591300915FA70E700DF4389 /* status-selected.png in Resources */ = {isa = PBXBuildFile; fileRef = E591300715FA70E700DF4389 /* status-selected.png */; };
		E591300A15FA70E700DF4389 /* status.png in Resources */ = {isa = PBXBuildFile; fileRef = E591300815FA70E700DF4389 /* status.png */; };
		E591300F15FA748800DF4389 /* StatusItemView.m in Sources */ = {isa = PBXBuildFile; fileRef = E591300E15FA748800DF4389 /* StatusItemView.m */; };
		E5C01F8215FB871500C2E4EA /* ScriptingBridge.framework in Frameworks */ = {isa = PBXBuildFile; fileRef = E5C01F8115FB871500C2E4EA /* ScriptingBridge.framework */; };
/* End PBXBuildFile section */

/* Begin PBXContainerItemProxy section */
		6517C11115E149BE00135B11 /* PBXContainerItemProxy */ = {
			isa = PBXContainerItemProxy;
			containerPortal = 6517C0E315E149BD00135B11 /* Project object */;
			proxyType = 1;
			remoteGlobalIDString = 6517C0EB15E149BD00135B11;
			remoteInfo = Foreman;
		};
/* End PBXContainerItemProxy section */

/* Begin PBXFileReference section */
		6517C0EC15E149BD00135B11 /* Foreman.app */ = {isa = PBXFileReference; explicitFileType = wrapper.application; includeInIndex = 0; path = Foreman.app; sourceTree = BUILT_PRODUCTS_DIR; };
		6517C0F015E149BD00135B11 /* Cocoa.framework */ = {isa = PBXFileReference; includeInIndex = 1; lastKnownFileType = wrapper.framework; name = Cocoa.framework; path = System/Library/Frameworks/Cocoa.framework; sourceTree = SDKROOT; };
		6517C0F315E149BD00135B11 /* AppKit.framework */ = {isa = PBXFileReference; lastKnownFileType = wrapper.framework; name = AppKit.framework; path = System/Library/Frameworks/AppKit.framework; sourceTree = SDKROOT; };
		6517C0F415E149BD00135B11 /* CoreData.framework */ = {isa = PBXFileReference; lastKnownFileType = wrapper.framework; name = CoreData.framework; path = System/Library/Frameworks/CoreData.framework; sourceTree = SDKROOT; };
		6517C0F515E149BD00135B11 /* Foundation.framework */ = {isa = PBXFileReference; lastKnownFileType = wrapper.framework; name = Foundation.framework; path = System/Library/Frameworks/Foundation.framework; sourceTree = SDKROOT; };
		6517C0F815E149BD00135B11 /* Foreman-Info.plist */ = {isa = PBXFileReference; lastKnownFileType = text.plist.xml; path = "Foreman-Info.plist"; sourceTree = "<group>"; };
		6517C0FA15E149BD00135B11 /* en */ = {isa = PBXFileReference; lastKnownFileType = text.plist.strings; name = en; path = en.lproj/InfoPlist.strings; sourceTree = "<group>"; };
		6517C0FC15E149BD00135B11 /* main.m */ = {isa = PBXFileReference; lastKnownFileType = sourcecode.c.objc; path = main.m; sourceTree = "<group>"; };
		6517C0FE15E149BD00135B11 /* Foreman-Prefix.pch */ = {isa = PBXFileReference; lastKnownFileType = sourcecode.c.h; path = "Foreman-Prefix.pch"; sourceTree = "<group>"; };
		6517C10015E149BD00135B11 /* en */ = {isa = PBXFileReference; lastKnownFileType = text.rtf; name = en; path = en.lproj/Credits.rtf; sourceTree = "<group>"; };
		6517C10215E149BD00135B11 /* AppDelegate.h */ = {isa = PBXFileReference; lastKnownFileType = sourcecode.c.h; path = AppDelegate.h; sourceTree = "<group>"; };
		6517C10315E149BD00135B11 /* AppDelegate.m */ = {isa = PBXFileReference; lastKnownFileType = sourcecode.c.objc; path = AppDelegate.m; sourceTree = "<group>"; };
		6517C10615E149BD00135B11 /* en */ = {isa = PBXFileReference; lastKnownFileType = file.xib; name = en; path = en.lproj/MainMenu.xib; sourceTree = "<group>"; };
		6517C10D15E149BE00135B11 /* ForemanTests.octest */ = {isa = PBXFileReference; explicitFileType = wrapper.cfbundle; includeInIndex = 0; path = ForemanTests.octest; sourceTree = BUILT_PRODUCTS_DIR; };
		6517C10E15E149BE00135B11 /* SenTestingKit.framework */ = {isa = PBXFileReference; lastKnownFileType = wrapper.framework; name = SenTestingKit.framework; path = Library/Frameworks/SenTestingKit.framework; sourceTree = DEVELOPER_DIR; };
		6517C11515E149BE00135B11 /* ForemanTests-Info.plist */ = {isa = PBXFileReference; lastKnownFileType = text.plist.xml; path = "ForemanTests-Info.plist"; sourceTree = "<group>"; };
		6517C11715E149BE00135B11 /* en */ = {isa = PBXFileReference; lastKnownFileType = text.plist.strings; name = en; path = en.lproj/InfoPlist.strings; sourceTree = "<group>"; };
		6517C11915E149BE00135B11 /* ForemanTests.h */ = {isa = PBXFileReference; lastKnownFileType = sourcecode.c.h; path = ForemanTests.h; sourceTree = "<group>"; };
		6517C11A15E149BE00135B11 /* ForemanTests.m */ = {isa = PBXFileReference; lastKnownFileType = sourcecode.c.objc; path = ForemanTests.m; sourceTree = "<group>"; };
		6517C12C15E1563E00135B11 /* DragReceiver.h */ = {isa = PBXFileReference; fileEncoding = 4; lastKnownFileType = sourcecode.c.h; path = DragReceiver.h; sourceTree = "<group>"; };
		6517C12D15E1563E00135B11 /* DragReceiver.m */ = {isa = PBXFileReference; fileEncoding = 4; lastKnownFileType = sourcecode.c.objc; path = DragReceiver.m; sourceTree = "<group>"; };
		651CDD8915E7943200461C13 /* AppGroupView.xib */ = {isa = PBXFileReference; fileEncoding = 4; lastKnownFileType = file.xib; path = AppGroupView.xib; sourceTree = "<group>"; };
		654CA53215F80C5E00779BE9 /* icon.icns */ = {isa = PBXFileReference; lastKnownFileType = image.icns; path = icon.icns; sourceTree = "<group>"; };
		655AB71C15F0CA0F00C842BA /* AppGroupView.h */ = {isa = PBXFileReference; fileEncoding = 4; lastKnownFileType = sourcecode.c.h; path = AppGroupView.h; sourceTree = "<group>"; };
		655AB71D15F0CA0F00C842BA /* AppGroupView.m */ = {isa = PBXFileReference; fileEncoding = 4; lastKnownFileType = sourcecode.c.objc; path = AppGroupView.m; sourceTree = "<group>"; };
		655AB72815F0D27600C842BA /* BaseAppView.h */ = {isa = PBXFileReference; fileEncoding = 4; lastKnownFileType = sourcecode.c.h; path = BaseAppView.h; sourceTree = "<group>"; };
		655AB72915F0D27600C842BA /* BaseAppView.m */ = {isa = PBXFileReference; fileEncoding = 4; lastKnownFileType = sourcecode.c.objc; path = BaseAppView.m; sourceTree = "<group>"; };
		6576BB4215E7FD0600FB5A98 /* NewAppGroupViewController.h */ = {isa = PBXFileReference; fileEncoding = 4; lastKnownFileType = sourcecode.c.h; path = NewAppGroupViewController.h; sourceTree = "<group>"; };
		6576BB4315E7FD0600FB5A98 /* NewAppGroupViewController.m */ = {isa = PBXFileReference; fileEncoding = 4; lastKnownFileType = sourcecode.c.objc; path = NewAppGroupViewController.m; sourceTree = "<group>"; };
		6576BB4815E7FF8500FB5A98 /* NewAppGroupView.h */ = {isa = PBXFileReference; fileEncoding = 4; lastKnownFileType = sourcecode.c.h; path = NewAppGroupView.h; sourceTree = "<group>"; };
		6576BB4915E7FF8500FB5A98 /* NewAppGroupView.m */ = {isa = PBXFileReference; fileEncoding = 4; lastKnownFileType = sourcecode.c.objc; path = NewAppGroupView.m; sourceTree = "<group>"; };
		6576BB4C15E8007000FB5A98 /* AppReceiver.h */ = {isa = PBXFileReference; fileEncoding = 4; lastKnownFileType = sourcecode.c.h; path = AppReceiver.h; sourceTree = "<group>"; };
		6576BB4D15E8007000FB5A98 /* AppReceiver.m */ = {isa = PBXFileReference; fileEncoding = 4; lastKnownFileType = sourcecode.c.objc; path = AppReceiver.m; sourceTree = "<group>"; };
		65D663AB15E5A4FD00C41FEA /* AppGroupController.h */ = {isa = PBXFileReference; fileEncoding = 4; lastKnownFileType = sourcecode.c.h; path = AppGroupController.h; sourceTree = "<group>"; };
		65D663AC15E5A4FD00C41FEA /* AppGroupController.m */ = {isa = PBXFileReference; fileEncoding = 4; lastKnownFileType = sourcecode.c.objc; path = AppGroupController.m; sourceTree = "<group>"; };
		65D663AF15E5A61800C41FEA /* IconListView.h */ = {isa = PBXFileReference; fileEncoding = 4; lastKnownFileType = sourcecode.c.h; path = IconListView.h; sourceTree = "<group>"; };
		65D663B015E5A61800C41FEA /* IconListView.m */ = {isa = PBXFileReference; fileEncoding = 4; lastKnownFileType = sourcecode.c.objc; path = IconListView.m; sourceTree = "<group>"; };
		65DE63B815F1718C007BF140 /* bg.png */ = {isa = PBXFileReference; lastKnownFileType = image.png; path = bg.png; sourceTree = "<group>"; };
		65DE63BC15F17855007BF140 /* Headers.h */ = {isa = PBXFileReference; lastKnownFileType = sourcecode.c.h; path = Headers.h; sourceTree = "<group>"; };
		65F8B6B215F24E280002EAC6 /* app-group-bg.png */ = {isa = PBXFileReference; lastKnownFileType = image.png; path = "app-group-bg.png"; sourceTree = "<group>"; };
		65F8B6B515F251FF0002EAC6 /* app-group-bg-highlighted.png */ = {isa = PBXFileReference; lastKnownFileType = image.png; path = "app-group-bg-highlighted.png"; sourceTree = "<group>"; };
		65F8B6B715F253990002EAC6 /* grey.png */ = {isa = PBXFileReference; lastKnownFileType = image.png; path = grey.png; sourceTree = "<group>"; };
		65F8B6B915F254B50002EAC6 /* shattered.png */ = {isa = PBXFileReference; lastKnownFileType = image.png; path = shattered.png; sourceTree = "<group>"; };
		65F8B6BB15F255100002EAC6 /* crisp_paper_ruffles.png */ = {isa = PBXFileReference; lastKnownFileType = image.png; path = crisp_paper_ruffles.png; sourceTree = "<group>"; };
		65F8FEE315F3958C00362DB0 /* Icon.xib */ = {isa = PBXFileReference; fileEncoding = 4; lastKnownFileType = file.xib; path = Icon.xib; sourceTree = "<group>"; };
		65F8FEEA15F3A18400362DB0 /* IconViewController.h */ = {isa = PBXFileReference; fileEncoding = 4; lastKnownFileType = sourcecode.c.h; path = IconViewController.h; sourceTree = "<group>"; };
		65F8FEEB15F3A18400362DB0 /* IconViewController.m */ = {isa = PBXFileReference; fileEncoding = 4; lastKnownFileType = sourcecode.c.objc; path = IconViewController.m; sourceTree = "<group>"; };
		65F8FEED15F4F6D900362DB0 /* IconView.h */ = {isa = PBXFileReference; fileEncoding = 4; lastKnownFileType = sourcecode.c.h; path = IconView.h; sourceTree = "<group>"; };
		65F8FEEE15F4F6D900362DB0 /* IconView.m */ = {isa = PBXFileReference; fileEncoding = 4; lastKnownFileType = sourcecode.c.objc; path = IconView.m; sourceTree = "<group>"; };
		65FD49FB15F8B23A0035C8C4 /* icons.icns */ = {isa = PBXFileReference; lastKnownFileType = image.icns; path = icons.icns; sourceTree = "<group>"; };
		8F26BE23C1414786939AA9D3 /* libPods.a */ = {isa = PBXFileReference; explicitFileType = archive.ar; includeInIndex = 0; path = libPods.a; sourceTree = BUILT_PRODUCTS_DIR; };
		B83FBA0A25FF42DD9BF15855 /* Pods.xcconfig */ = {isa = PBXFileReference; includeInIndex = 1; lastKnownFileType = text.xcconfig; name = Pods.xcconfig; path = Pods/Pods.xcconfig; sourceTree = SOURCE_ROOT; };
		E591300715FA70E700DF4389 /* status-selected.png */ = {isa = PBXFileReference; lastKnownFileType = image.png; path = "status-selected.png"; sourceTree = "<group>"; };
		E591300815FA70E700DF4389 /* status.png */ = {isa = PBXFileReference; lastKnownFileType = image.png; path = status.png; sourceTree = "<group>"; };
		E591300D15FA748800DF4389 /* StatusItemView.h */ = {isa = PBXFileReference; fileEncoding = 4; lastKnownFileType = sourcecode.c.h; path = StatusItemView.h; sourceTree = "<group>"; };
		E591300E15FA748800DF4389 /* StatusItemView.m */ = {isa = PBXFileReference; fileEncoding = 4; lastKnownFileType = sourcecode.c.objc; path = StatusItemView.m; sourceTree = "<group>"; };
		E5C01F7F15FB858600C2E4EA /* Finder.h */ = {isa = PBXFileReference; fileEncoding = 4; lastKnownFileType = sourcecode.c.h; path = Finder.h; sourceTree = "<group>"; };
		E5C01F8115FB871500C2E4EA /* ScriptingBridge.framework */ = {isa = PBXFileReference; lastKnownFileType = wrapper.framework; name = ScriptingBridge.framework; path = System/Library/Frameworks/ScriptingBridge.framework; sourceTree = SDKROOT; };
/* End PBXFileReference section */

/* Begin PBXFrameworksBuildPhase section */
		6517C0E915E149BD00135B11 /* Frameworks */ = {
			isa = PBXFrameworksBuildPhase;
			buildActionMask = 2147483647;
			files = (
				E5C01F8215FB871500C2E4EA /* ScriptingBridge.framework in Frameworks */,
				6517C0F115E149BD00135B11 /* Cocoa.framework in Frameworks */,
				63E94952D8E34BA29690C9D6 /* libPods.a in Frameworks */,
			);
			runOnlyForDeploymentPostprocessing = 0;
		};
		6517C10915E149BE00135B11 /* Frameworks */ = {
			isa = PBXFrameworksBuildPhase;
			buildActionMask = 2147483647;
			files = (
				6517C10F15E149BE00135B11 /* SenTestingKit.framework in Frameworks */,
				6517C11015E149BE00135B11 /* Cocoa.framework in Frameworks */,
			);
			runOnlyForDeploymentPostprocessing = 0;
		};
/* End PBXFrameworksBuildPhase section */

/* Begin PBXGroup section */
		6517C0E115E149BD00135B11 = {
			isa = PBXGroup;
			children = (
				E5C01F8115FB871500C2E4EA /* ScriptingBridge.framework */,
				65FD49FB15F8B23A0035C8C4 /* icons.icns */,
				654CA53215F80C5E00779BE9 /* icon.icns */,
				E591300715FA70E700DF4389 /* status-selected.png */,
				E591300815FA70E700DF4389 /* status.png */,
				E5C01F7F15FB858600C2E4EA /* Finder.h */,
				6517C0F615E149BD00135B11 /* Foreman */,
				6517C11315E149BE00135B11 /* ForemanTests */,
				6517C0EF15E149BD00135B11 /* Frameworks */,
				6517C0ED15E149BD00135B11 /* Products */,
				B83FBA0A25FF42DD9BF15855 /* Pods.xcconfig */,
			);
			sourceTree = "<group>";
		};
		6517C0ED15E149BD00135B11 /* Products */ = {
			isa = PBXGroup;
			children = (
				6517C0EC15E149BD00135B11 /* Foreman.app */,
				6517C10D15E149BE00135B11 /* ForemanTests.octest */,
			);
			name = Products;
			sourceTree = "<group>";
		};
		6517C0EF15E149BD00135B11 /* Frameworks */ = {
			isa = PBXGroup;
			children = (
				6517C0F015E149BD00135B11 /* Cocoa.framework */,
				6517C10E15E149BE00135B11 /* SenTestingKit.framework */,
				6517C0F215E149BD00135B11 /* Other Frameworks */,
				8F26BE23C1414786939AA9D3 /* libPods.a */,
			);
			name = Frameworks;
			sourceTree = "<group>";
		};
		6517C0F215E149BD00135B11 /* Other Frameworks */ = {
			isa = PBXGroup;
			children = (
				6517C0F315E149BD00135B11 /* AppKit.framework */,
				6517C0F415E149BD00135B11 /* CoreData.framework */,
				6517C0F515E149BD00135B11 /* Foundation.framework */,
			);
			name = "Other Frameworks";
			sourceTree = "<group>";
		};
		6517C0F615E149BD00135B11 /* Foreman */ = {
			isa = PBXGroup;
			children = (
				65DE63BB15F17192007BF140 /* Resources */,
				6576BB4B15E8005500FB5A98 /* Super */,
				6576BB4115E7FC8400FB5A98 /* NewAppGroup */,
				6576BB3F15E7FC5000FB5A98 /* AppGroup */,
				651CDD8B15E794F400461C13 /* nibs */,
				6517C10215E149BD00135B11 /* AppDelegate.h */,
				6517C10315E149BD00135B11 /* AppDelegate.m */,
				E591300D15FA748800DF4389 /* StatusItemView.h */,
				E591300E15FA748800DF4389 /* StatusItemView.m */,
				655AB72815F0D27600C842BA /* BaseAppView.h */,
				655AB72915F0D27600C842BA /* BaseAppView.m */,
				6517C0F715E149BD00135B11 /* Supporting Files */,
			);
			path = Foreman;
			sourceTree = "<group>";
		};
		6517C0F715E149BD00135B11 /* Supporting Files */ = {
			isa = PBXGroup;
			children = (
				6517C0F815E149BD00135B11 /* Foreman-Info.plist */,
				6517C0F915E149BD00135B11 /* InfoPlist.strings */,
				6517C0FC15E149BD00135B11 /* main.m */,
				6517C0FE15E149BD00135B11 /* Foreman-Prefix.pch */,
				6517C0FF15E149BD00135B11 /* Credits.rtf */,
			);
			name = "Supporting Files";
			sourceTree = "<group>";
		};
		6517C11315E149BE00135B11 /* ForemanTests */ = {
			isa = PBXGroup;
			children = (
				6517C11915E149BE00135B11 /* ForemanTests.h */,
				6517C11A15E149BE00135B11 /* ForemanTests.m */,
				6517C11415E149BE00135B11 /* Supporting Files */,
			);
			path = ForemanTests;
			sourceTree = "<group>";
		};
		6517C11415E149BE00135B11 /* Supporting Files */ = {
			isa = PBXGroup;
			children = (
				6517C11515E149BE00135B11 /* ForemanTests-Info.plist */,
				6517C11615E149BE00135B11 /* InfoPlist.strings */,
			);
			name = "Supporting Files";
			sourceTree = "<group>";
		};
		651CDD8B15E794F400461C13 /* nibs */ = {
			isa = PBXGroup;
			children = (
				6517C10515E149BD00135B11 /* MainMenu.xib */,
				651CDD8915E7943200461C13 /* AppGroupView.xib */,
				65F8FEE315F3958C00362DB0 /* Icon.xib */,
			);
			name = nibs;
			sourceTree = "<group>";
		};
		6576BB3F15E7FC5000FB5A98 /* AppGroup */ = {
			isa = PBXGroup;
			children = (
				65F8FEE615F39FAF00362DB0 /* icon */,
				65D663AB15E5A4FD00C41FEA /* AppGroupController.h */,
				65D663AC15E5A4FD00C41FEA /* AppGroupController.m */,
				6517C12C15E1563E00135B11 /* DragReceiver.h */,
				6517C12D15E1563E00135B11 /* DragReceiver.m */,
				65D663AF15E5A61800C41FEA /* IconListView.h */,
				65D663B015E5A61800C41FEA /* IconListView.m */,
				655AB71C15F0CA0F00C842BA /* AppGroupView.h */,
				655AB71D15F0CA0F00C842BA /* AppGroupView.m */,
			);
			name = AppGroup;
			sourceTree = "<group>";
		};
		6576BB4115E7FC8400FB5A98 /* NewAppGroup */ = {
			isa = PBXGroup;
			children = (
				6576BB4215E7FD0600FB5A98 /* NewAppGroupViewController.h */,
				6576BB4315E7FD0600FB5A98 /* NewAppGroupViewController.m */,
				6576BB4815E7FF8500FB5A98 /* NewAppGroupView.h */,
				6576BB4915E7FF8500FB5A98 /* NewAppGroupView.m */,
			);
			name = NewAppGroup;
			sourceTree = "<group>";
		};
		6576BB4B15E8005500FB5A98 /* Super */ = {
			isa = PBXGroup;
			children = (
				6576BB4C15E8007000FB5A98 /* AppReceiver.h */,
				6576BB4D15E8007000FB5A98 /* AppReceiver.m */,
				65DE63BC15F17855007BF140 /* Headers.h */,
			);
			name = Super;
			sourceTree = "<group>";
		};
		65DE63BB15F17192007BF140 /* Resources */ = {
			isa = PBXGroup;
			children = (
				65F8B6BB15F255100002EAC6 /* crisp_paper_ruffles.png */,
				65F8B6B915F254B50002EAC6 /* shattered.png */,
				65F8B6B715F253990002EAC6 /* grey.png */,
				65F8B6B215F24E280002EAC6 /* app-group-bg.png */,
				65F8B6B515F251FF0002EAC6 /* app-group-bg-highlighted.png */,
				65DE63B815F1718C007BF140 /* bg.png */,
			);
			name = Resources;
			sourceTree = "<group>";
		};
		65F8FEE615F39FAF00362DB0 /* icon */ = {
			isa = PBXGroup;
			children = (
				65F8FEEA15F3A18400362DB0 /* IconViewController.h */,
				65F8FEEB15F3A18400362DB0 /* IconViewController.m */,
				65F8FEED15F4F6D900362DB0 /* IconView.h */,
				65F8FEEE15F4F6D900362DB0 /* IconView.m */,
			);
			name = icon;
			sourceTree = "<group>";
		};
/* End PBXGroup section */

/* Begin PBXNativeTarget section */
		6517C0EB15E149BD00135B11 /* Foreman */ = {
			isa = PBXNativeTarget;
			buildConfigurationList = 6517C11E15E149BE00135B11 /* Build configuration list for PBXNativeTarget "Foreman" */;
			buildPhases = (
				6517C0E815E149BD00135B11 /* Sources */,
				6517C0E915E149BD00135B11 /* Frameworks */,
				6517C0EA15E149BD00135B11 /* Resources */,
				22BF7F2B1444406DA1DBBC9F /* Copy Pods Resources */,
			);
			buildRules = (
			);
			dependencies = (
			);
			name = Foreman;
			productName = Foreman;
			productReference = 6517C0EC15E149BD00135B11 /* Foreman.app */;
			productType = "com.apple.product-type.application";
		};
		6517C10C15E149BE00135B11 /* ForemanTests */ = {
			isa = PBXNativeTarget;
			buildConfigurationList = 6517C12115E149BE00135B11 /* Build configuration list for PBXNativeTarget "ForemanTests" */;
			buildPhases = (
				6517C10815E149BE00135B11 /* Sources */,
				6517C10915E149BE00135B11 /* Frameworks */,
				6517C10A15E149BE00135B11 /* Resources */,
				6517C10B15E149BE00135B11 /* ShellScript */,
			);
			buildRules = (
			);
			dependencies = (
				6517C11215E149BE00135B11 /* PBXTargetDependency */,
			);
			name = ForemanTests;
			productName = ForemanTests;
			productReference = 6517C10D15E149BE00135B11 /* ForemanTests.octest */;
			productType = "com.apple.product-type.bundle";
		};
/* End PBXNativeTarget section */

/* Begin PBXProject section */
		6517C0E315E149BD00135B11 /* Project object */ = {
			isa = PBXProject;
			attributes = {
				LastUpgradeCheck = 0440;
				ORGANIZATIONNAME = "Daniel Higginbotham";
			};
			buildConfigurationList = 6517C0E615E149BD00135B11 /* Build configuration list for PBXProject "Foreman" */;
			compatibilityVersion = "Xcode 3.2";
			developmentRegion = English;
			hasScannedForEncodings = 0;
			knownRegions = (
				en,
			);
			mainGroup = 6517C0E115E149BD00135B11;
			productRefGroup = 6517C0ED15E149BD00135B11 /* Products */;
			projectDirPath = "";
			projectRoot = "";
			targets = (
				6517C0EB15E149BD00135B11 /* Foreman */,
				6517C10C15E149BE00135B11 /* ForemanTests */,
			);
		};
/* End PBXProject section */

/* Begin PBXResourcesBuildPhase section */
		6517C0EA15E149BD00135B11 /* Resources */ = {
			isa = PBXResourcesBuildPhase;
			buildActionMask = 2147483647;
			files = (
				6517C0FB15E149BD00135B11 /* InfoPlist.strings in Resources */,
				6517C10115E149BD00135B11 /* Credits.rtf in Resources */,
				6517C10715E149BD00135B11 /* MainMenu.xib in Resources */,
				651CDD8A15E7943200461C13 /* AppGroupView.xib in Resources */,
				65DE63B915F1718C007BF140 /* bg.png in Resources */,
				65F8B6B315F24E280002EAC6 /* app-group-bg.png in Resources */,
				65F8B6B615F251FF0002EAC6 /* app-group-bg-highlighted.png in Resources */,
				65F8B6B815F253990002EAC6 /* grey.png in Resources */,
				65F8B6BA15F254B50002EAC6 /* shattered.png in Resources */,
				65F8B6BC15F255100002EAC6 /* crisp_paper_ruffles.png in Resources */,
				65F8FEE415F3958C00362DB0 /* Icon.xib in Resources */,
				654CA53315F80C5E00779BE9 /* icon.icns in Resources */,
				65FD49FC15F8B23A0035C8C4 /* icons.icns in Resources */,
				E591300915FA70E700DF4389 /* status-selected.png in Resources */,
				E591300A15FA70E700DF4389 /* status.png in Resources */,
			);
			runOnlyForDeploymentPostprocessing = 0;
		};
		6517C10A15E149BE00135B11 /* Resources */ = {
			isa = PBXResourcesBuildPhase;
			buildActionMask = 2147483647;
			files = (
				6517C11815E149BE00135B11 /* InfoPlist.strings in Resources */,
			);
			runOnlyForDeploymentPostprocessing = 0;
		};
/* End PBXResourcesBuildPhase section */

/* Begin PBXShellScriptBuildPhase section */
		22BF7F2B1444406DA1DBBC9F /* Copy Pods Resources */ = {
			isa = PBXShellScriptBuildPhase;
			buildActionMask = 2147483647;
			files = (
			);
			inputPaths = (
			);
			name = "Copy Pods Resources";
			outputPaths = (
			);
			runOnlyForDeploymentPostprocessing = 0;
			shellPath = /bin/sh;
			shellScript = "\"${SRCROOT}/Pods/Pods-resources.sh\"\n";
		};
		6517C10B15E149BE00135B11 /* ShellScript */ = {
			isa = PBXShellScriptBuildPhase;
			buildActionMask = 2147483647;
			files = (
			);
			inputPaths = (
			);
			outputPaths = (
			);
			runOnlyForDeploymentPostprocessing = 0;
			shellPath = /bin/sh;
			shellScript = "# Run the unit tests in this test bundle.\n\"${SYSTEM_DEVELOPER_DIR}/Tools/RunUnitTests\"\n";
		};
/* End PBXShellScriptBuildPhase section */

/* Begin PBXSourcesBuildPhase section */
		6517C0E815E149BD00135B11 /* Sources */ = {
			isa = PBXSourcesBuildPhase;
			buildActionMask = 2147483647;
			files = (
				6517C0FD15E149BD00135B11 /* main.m in Sources */,
				6517C10415E149BD00135B11 /* AppDelegate.m in Sources */,
				6517C12E15E1563E00135B11 /* DragReceiver.m in Sources */,
				65D663AD15E5A4FD00C41FEA /* AppGroupController.m in Sources */,
				65D663B115E5A61800C41FEA /* IconListView.m in Sources */,
				6576BB4415E7FD0600FB5A98 /* NewAppGroupViewController.m in Sources */,
				6576BB4A15E7FF8500FB5A98 /* NewAppGroupView.m in Sources */,
				6576BB4E15E8007000FB5A98 /* AppReceiver.m in Sources */,
				655AB71E15F0CA0F00C842BA /* AppGroupView.m in Sources */,
				655AB72A15F0D27600C842BA /* BaseAppView.m in Sources */,
				65F8FEEC15F3A18400362DB0 /* IconViewController.m in Sources */,
				65F8FEEF15F4F6D900362DB0 /* IconView.m in Sources */,
				E591300F15FA748800DF4389 /* StatusItemView.m in Sources */,
			);
			runOnlyForDeploymentPostprocessing = 0;
		};
		6517C10815E149BE00135B11 /* Sources */ = {
			isa = PBXSourcesBuildPhase;
			buildActionMask = 2147483647;
			files = (
				6517C11B15E149BE00135B11 /* ForemanTests.m in Sources */,
			);
			runOnlyForDeploymentPostprocessing = 0;
		};
/* End PBXSourcesBuildPhase section */

/* Begin PBXTargetDependency section */
		6517C11215E149BE00135B11 /* PBXTargetDependency */ = {
			isa = PBXTargetDependency;
			target = 6517C0EB15E149BD00135B11 /* Foreman */;
			targetProxy = 6517C11115E149BE00135B11 /* PBXContainerItemProxy */;
		};
/* End PBXTargetDependency section */

/* Begin PBXVariantGroup section */
		6517C0F915E149BD00135B11 /* InfoPlist.strings */ = {
			isa = PBXVariantGroup;
			children = (
				6517C0FA15E149BD00135B11 /* en */,
			);
			name = InfoPlist.strings;
			sourceTree = "<group>";
		};
		6517C0FF15E149BD00135B11 /* Credits.rtf */ = {
			isa = PBXVariantGroup;
			children = (
				6517C10015E149BD00135B11 /* en */,
			);
			name = Credits.rtf;
			sourceTree = "<group>";
		};
		6517C10515E149BD00135B11 /* MainMenu.xib */ = {
			isa = PBXVariantGroup;
			children = (
				6517C10615E149BD00135B11 /* en */,
			);
			name = MainMenu.xib;
			sourceTree = "<group>";
		};
		6517C11615E149BE00135B11 /* InfoPlist.strings */ = {
			isa = PBXVariantGroup;
			children = (
				6517C11715E149BE00135B11 /* en */,
			);
			name = InfoPlist.strings;
			sourceTree = "<group>";
		};
/* End PBXVariantGroup section */

/* Begin XCBuildConfiguration section */
		6517C11C15E149BE00135B11 /* Debug */ = {
			isa = XCBuildConfiguration;
			buildSettings = {
				ALWAYS_SEARCH_USER_PATHS = NO;
				ARCHS = "$(ARCHS_STANDARD_64_BIT)";
				CLANG_CXX_LANGUAGE_STANDARD = "gnu++0x";
				CLANG_ENABLE_OBJC_ARC = YES;
				CLANG_WARN__DUPLICATE_METHOD_MATCH = YES;
				COPY_PHASE_STRIP = NO;
				GCC_C_LANGUAGE_STANDARD = gnu99;
				GCC_DYNAMIC_NO_PIC = NO;
				GCC_ENABLE_OBJC_EXCEPTIONS = YES;
				GCC_OPTIMIZATION_LEVEL = 0;
				GCC_PREPROCESSOR_DEFINITIONS = (
					"DEBUG=1",
					"$(inherited)",
				);
				GCC_SYMBOLS_PRIVATE_EXTERN = NO;
				GCC_WARN_64_TO_32_BIT_CONVERSION = YES;
				GCC_WARN_ABOUT_RETURN_TYPE = YES;
				GCC_WARN_UNINITIALIZED_AUTOS = YES;
				GCC_WARN_UNUSED_VARIABLE = YES;
				MACOSX_DEPLOYMENT_TARGET = 10.8;
				ONLY_ACTIVE_ARCH = YES;
				SDKROOT = macosx;
			};
			name = Debug;
		};
		6517C11D15E149BE00135B11 /* Release */ = {
			isa = XCBuildConfiguration;
			buildSettings = {
				ALWAYS_SEARCH_USER_PATHS = NO;
				ARCHS = "$(ARCHS_STANDARD_64_BIT)";
				CLANG_CXX_LANGUAGE_STANDARD = "gnu++0x";
				CLANG_ENABLE_OBJC_ARC = YES;
				CLANG_WARN__DUPLICATE_METHOD_MATCH = YES;
				COPY_PHASE_STRIP = YES;
				DEBUG_INFORMATION_FORMAT = "dwarf-with-dsym";
				GCC_C_LANGUAGE_STANDARD = gnu99;
				GCC_ENABLE_OBJC_EXCEPTIONS = YES;
				GCC_WARN_64_TO_32_BIT_CONVERSION = YES;
				GCC_WARN_ABOUT_RETURN_TYPE = YES;
				GCC_WARN_UNINITIALIZED_AUTOS = YES;
				GCC_WARN_UNUSED_VARIABLE = YES;
				MACOSX_DEPLOYMENT_TARGET = 10.8;
				SDKROOT = macosx;
			};
			name = Release;
		};
		6517C11F15E149BE00135B11 /* Debug */ = {
			isa = XCBuildConfiguration;
			baseConfigurationReference = B83FBA0A25FF42DD9BF15855 /* Pods.xcconfig */;
			buildSettings = {
				COMBINE_HIDPI_IMAGES = YES;
				GCC_PRECOMPILE_PREFIX_HEADER = YES;
				GCC_PREFIX_HEADER = "Foreman/Foreman-Prefix.pch";
				INFOPLIST_FILE = "Foreman/Foreman-Info.plist";
				MACOSX_DEPLOYMENT_TARGET = 10.6;
				PRODUCT_NAME = Foreman;
				WRAPPER_EXTENSION = app;
			};
			name = Debug;
		};
		6517C12015E149BE00135B11 /* Release */ = {
			isa = XCBuildConfiguration;
			baseConfigurationReference = B83FBA0A25FF42DD9BF15855 /* Pods.xcconfig */;
			buildSettings = {
				COMBINE_HIDPI_IMAGES = YES;
				GCC_PRECOMPILE_PREFIX_HEADER = YES;
				GCC_PREFIX_HEADER = "Foreman/Foreman-Prefix.pch";
				INFOPLIST_FILE = "Foreman/Foreman-Info.plist";
				MACOSX_DEPLOYMENT_TARGET = 10.6;
				PRODUCT_NAME = Foreman;
				WRAPPER_EXTENSION = app;
			};
			name = Release;
		};
		6517C12215E149BE00135B11 /* Debug */ = {
			isa = XCBuildConfiguration;
			buildSettings = {
				BUNDLE_LOADER = "$(BUILT_PRODUCTS_DIR)/Foreman.app/Contents/MacOS/Foreman";
				COMBINE_HIDPI_IMAGES = YES;
				FRAMEWORK_SEARCH_PATHS = "\"$(DEVELOPER_LIBRARY_DIR)/Frameworks\"";
				GCC_PRECOMPILE_PREFIX_HEADER = YES;
				GCC_PREFIX_HEADER = "Foreman/Foreman-Prefix.pch";
				INFOPLIST_FILE = "ForemanTests/ForemanTests-Info.plist";
				PRODUCT_NAME = ForemanTests;
				TEST_HOST = "$(BUNDLE_LOADER)";
				WRAPPER_EXTENSION = octest;
			};
			name = Debug;
		};
		6517C12315E149BE00135B11 /* Release */ = {
			isa = XCBuildConfiguration;
			buildSettings = {
				BUNDLE_LOADER = "$(BUILT_PRODUCTS_DIR)/Foreman.app/Contents/MacOS/Foreman";
				COMBINE_HIDPI_IMAGES = YES;
				FRAMEWORK_SEARCH_PATHS = "\"$(DEVELOPER_LIBRARY_DIR)/Frameworks\"";
				GCC_PRECOMPILE_PREFIX_HEADER = YES;
				GCC_PREFIX_HEADER = "Foreman/Foreman-Prefix.pch";
				INFOPLIST_FILE = "ForemanTests/ForemanTests-Info.plist";
				PRODUCT_NAME = ForemanTests;
				TEST_HOST = "$(BUNDLE_LOADER)";
				WRAPPER_EXTENSION = octest;
			};
			name = Release;
		};
/* End XCBuildConfiguration section */

/* Begin XCConfigurationList section */
		6517C0E615E149BD00135B11 /* Build configuration list for PBXProject "Foreman" */ = {
			isa = XCConfigurationList;
			buildConfigurations = (
				6517C11C15E149BE00135B11 /* Debug */,
				6517C11D15E149BE00135B11 /* Release */,
			);
			defaultConfigurationIsVisible = 0;
			defaultConfigurationName = Release;
		};
		6517C11E15E149BE00135B11 /* Build configuration list for PBXNativeTarget "Foreman" */ = {
			isa = XCConfigurationList;
			buildConfigurations = (
				6517C11F15E149BE00135B11 /* Debug */,
				6517C12015E149BE00135B11 /* Release */,
			);
			defaultConfigurationIsVisible = 0;
			defaultConfigurationName = Release;
		};
		6517C12115E149BE00135B11 /* Build configuration list for PBXNativeTarget "ForemanTests" */ = {
			isa = XCConfigurationList;
			buildConfigurations = (
				6517C12215E149BE00135B11 /* Debug */,
				6517C12315E149BE00135B11 /* Release */,
			);
			defaultConfigurationIsVisible = 0;
			defaultConfigurationName = Release;
		};
/* End XCConfigurationList section */
	};
	rootObject = 6517C0E315E149BD00135B11 /* Project object */;
}
