// !$*UTF8*$!
{
	archiveVersion = 1;
	classes = {
	};
	objectVersion = 46;
	objects = {

/* Begin PBXBuildFile section */
		6517C0F115E149BD00135B11 /* Cocoa.framework in Frameworks */ = {isa = PBXBuildFile; fileRef = 6517C0F015E149BD00135B11 /* Cocoa.framework */; };
		6517C0FB15E149BD00135B11 /* InfoPlist.strings in Resources */ = {isa = PBXBuildFile; fileRef = 6517C0F915E149BD00135B11 /* InfoPlist.strings */; };
		6517C0FD15E149BD00135B11 /* main.m in Sources */ = {isa = PBXBuildFile; fileRef = 6517C0FC15E149BD00135B11 /* main.m */; };
		6517C10115E149BD00135B11 /* Credits.rtf in Resources */ = {isa = PBXBuildFile; fileRef = 6517C0FF15E149BD00135B11 /* Credits.rtf */; };
		6517C10415E149BD00135B11 /* AppDelegate.m in Sources */ = {isa = PBXBuildFile; fileRef = 6517C10315E149BD00135B11 /* AppDelegate.m */; };
		6517C10715E149BD00135B11 /* MainMenu.xib in Resources */ = {isa = PBXBuildFile; fileRef = 6517C10515E149BD00135B11 /* MainMenu.xib */; };
		6517C10F15E149BE00135B11 /* SenTestingKit.framework in Frameworks */ = {isa = PBXBuildFile; fileRef = 6517C10E15E149BE00135B11 /* SenTestingKit.framework */; };
		6517C11015E149BE00135B11 /* Cocoa.framework in Frameworks */ = {isa = PBXBuildFile; fileRef = 6517C0F015E149BD00135B11 /* Cocoa.framework */; };
		6517C11815E149BE00135B11 /* InfoPlist.strings in Resources */ = {isa = PBXBuildFile; fileRef = 6517C11615E149BE00135B11 /* InfoPlist.strings */; };
		6517C11B15E149BE00135B11 /* WorkModeTests.m in Sources */ = {isa = PBXBuildFile; fileRef = 6517C11A15E149BE00135B11 /* WorkModeTests.m */; };
		6517C12E15E1563E00135B11 /* DragReceiver.m in Sources */ = {isa = PBXBuildFile; fileRef = 6517C12D15E1563E00135B11 /* DragReceiver.m */; };
		651CDD8A15E7943200461C13 /* AppGroupView.xib in Resources */ = {isa = PBXBuildFile; fileRef = 651CDD8915E7943200461C13 /* AppGroupView.xib */; };
		655AB71E15F0CA0F00C842BA /* AppGroupView.m in Sources */ = {isa = PBXBuildFile; fileRef = 655AB71D15F0CA0F00C842BA /* AppGroupView.m */; };
		655AB72A15F0D27600C842BA /* BaseAppView.m in Sources */ = {isa = PBXBuildFile; fileRef = 655AB72915F0D27600C842BA /* BaseAppView.m */; };
		6576BB4415E7FD0600FB5A98 /* NewAppGroupViewController.m in Sources */ = {isa = PBXBuildFile; fileRef = 6576BB4315E7FD0600FB5A98 /* NewAppGroupViewController.m */; };
		6576BB4A15E7FF8500FB5A98 /* NewAppGroupView.m in Sources */ = {isa = PBXBuildFile; fileRef = 6576BB4915E7FF8500FB5A98 /* NewAppGroupView.m */; };
		6576BB4E15E8007000FB5A98 /* AppReceiver.m in Sources */ = {isa = PBXBuildFile; fileRef = 6576BB4D15E8007000FB5A98 /* AppReceiver.m */; };
		65D663AD15E5A4FD00C41FEA /* AppGroupController.m in Sources */ = {isa = PBXBuildFile; fileRef = 65D663AC15E5A4FD00C41FEA /* AppGroupController.m */; };
		65D663B115E5A61800C41FEA /* IconListView.m in Sources */ = {isa = PBXBuildFile; fileRef = 65D663B015E5A61800C41FEA /* IconListView.m */; };
		65DE63B915F1718C007BF140 /* bg.png in Resources */ = {isa = PBXBuildFile; fileRef = 65DE63B815F1718C007BF140 /* bg.png */; };
/* End PBXBuildFile section */

/* Begin PBXContainerItemProxy section */
		6517C11115E149BE00135B11 /* PBXContainerItemProxy */ = {
			isa = PBXContainerItemProxy;
			containerPortal = 6517C0E315E149BD00135B11 /* Project object */;
			proxyType = 1;
			remoteGlobalIDString = 6517C0EB15E149BD00135B11;
			remoteInfo = WorkMode;
		};
/* End PBXContainerItemProxy section */

/* Begin PBXFileReference section */
		6517C0EC15E149BD00135B11 /* WorkMode.app */ = {isa = PBXFileReference; explicitFileType = wrapper.application; includeInIndex = 0; path = WorkMode.app; sourceTree = BUILT_PRODUCTS_DIR; };
		6517C0F015E149BD00135B11 /* Cocoa.framework */ = {isa = PBXFileReference; lastKnownFileType = wrapper.framework; name = Cocoa.framework; path = System/Library/Frameworks/Cocoa.framework; sourceTree = SDKROOT; };
		6517C0F315E149BD00135B11 /* AppKit.framework */ = {isa = PBXFileReference; lastKnownFileType = wrapper.framework; name = AppKit.framework; path = System/Library/Frameworks/AppKit.framework; sourceTree = SDKROOT; };
		6517C0F415E149BD00135B11 /* CoreData.framework */ = {isa = PBXFileReference; lastKnownFileType = wrapper.framework; name = CoreData.framework; path = System/Library/Frameworks/CoreData.framework; sourceTree = SDKROOT; };
		6517C0F515E149BD00135B11 /* Foundation.framework */ = {isa = PBXFileReference; lastKnownFileType = wrapper.framework; name = Foundation.framework; path = System/Library/Frameworks/Foundation.framework; sourceTree = SDKROOT; };
		6517C0F815E149BD00135B11 /* WorkMode-Info.plist */ = {isa = PBXFileReference; lastKnownFileType = text.plist.xml; path = "WorkMode-Info.plist"; sourceTree = "<group>"; };
		6517C0FA15E149BD00135B11 /* en */ = {isa = PBXFileReference; lastKnownFileType = text.plist.strings; name = en; path = en.lproj/InfoPlist.strings; sourceTree = "<group>"; };
		6517C0FC15E149BD00135B11 /* main.m */ = {isa = PBXFileReference; lastKnownFileType = sourcecode.c.objc; path = main.m; sourceTree = "<group>"; };
		6517C0FE15E149BD00135B11 /* WorkMode-Prefix.pch */ = {isa = PBXFileReference; lastKnownFileType = sourcecode.c.h; path = "WorkMode-Prefix.pch"; sourceTree = "<group>"; };
		6517C10015E149BD00135B11 /* en */ = {isa = PBXFileReference; lastKnownFileType = text.rtf; name = en; path = en.lproj/Credits.rtf; sourceTree = "<group>"; };
		6517C10215E149BD00135B11 /* AppDelegate.h */ = {isa = PBXFileReference; lastKnownFileType = sourcecode.c.h; path = AppDelegate.h; sourceTree = "<group>"; };
		6517C10315E149BD00135B11 /* AppDelegate.m */ = {isa = PBXFileReference; lastKnownFileType = sourcecode.c.objc; path = AppDelegate.m; sourceTree = "<group>"; };
		6517C10615E149BD00135B11 /* en */ = {isa = PBXFileReference; lastKnownFileType = file.xib; name = en; path = en.lproj/MainMenu.xib; sourceTree = "<group>"; };
		6517C10D15E149BE00135B11 /* WorkModeTests.octest */ = {isa = PBXFileReference; explicitFileType = wrapper.cfbundle; includeInIndex = 0; path = WorkModeTests.octest; sourceTree = BUILT_PRODUCTS_DIR; };
		6517C10E15E149BE00135B11 /* SenTestingKit.framework */ = {isa = PBXFileReference; lastKnownFileType = wrapper.framework; name = SenTestingKit.framework; path = Library/Frameworks/SenTestingKit.framework; sourceTree = DEVELOPER_DIR; };
		6517C11515E149BE00135B11 /* WorkModeTests-Info.plist */ = {isa = PBXFileReference; lastKnownFileType = text.plist.xml; path = "WorkModeTests-Info.plist"; sourceTree = "<group>"; };
		6517C11715E149BE00135B11 /* en */ = {isa = PBXFileReference; lastKnownFileType = text.plist.strings; name = en; path = en.lproj/InfoPlist.strings; sourceTree = "<group>"; };
		6517C11915E149BE00135B11 /* WorkModeTests.h */ = {isa = PBXFileReference; lastKnownFileType = sourcecode.c.h; path = WorkModeTests.h; sourceTree = "<group>"; };
		6517C11A15E149BE00135B11 /* WorkModeTests.m */ = {isa = PBXFileReference; lastKnownFileType = sourcecode.c.objc; path = WorkModeTests.m; sourceTree = "<group>"; };
		6517C12C15E1563E00135B11 /* DragReceiver.h */ = {isa = PBXFileReference; fileEncoding = 4; lastKnownFileType = sourcecode.c.h; path = DragReceiver.h; sourceTree = "<group>"; };
		6517C12D15E1563E00135B11 /* DragReceiver.m */ = {isa = PBXFileReference; fileEncoding = 4; lastKnownFileType = sourcecode.c.objc; path = DragReceiver.m; sourceTree = "<group>"; };
		651CDD8915E7943200461C13 /* AppGroupView.xib */ = {isa = PBXFileReference; fileEncoding = 4; lastKnownFileType = file.xib; path = AppGroupView.xib; sourceTree = "<group>"; };
		655AB71C15F0CA0F00C842BA /* AppGroupView.h */ = {isa = PBXFileReference; fileEncoding = 4; lastKnownFileType = sourcecode.c.h; path = AppGroupView.h; sourceTree = "<group>"; };
		655AB71D15F0CA0F00C842BA /* AppGroupView.m */ = {isa = PBXFileReference; fileEncoding = 4; lastKnownFileType = sourcecode.c.objc; path = AppGroupView.m; sourceTree = "<group>"; };
		655AB72815F0D27600C842BA /* BaseAppView.h */ = {isa = PBXFileReference; fileEncoding = 4; lastKnownFileType = sourcecode.c.h; path = BaseAppView.h; sourceTree = "<group>"; };
		655AB72915F0D27600C842BA /* BaseAppView.m */ = {isa = PBXFileReference; fileEncoding = 4; lastKnownFileType = sourcecode.c.objc; path = BaseAppView.m; sourceTree = "<group>"; };
		6576BB4215E7FD0600FB5A98 /* NewAppGroupViewController.h */ = {isa = PBXFileReference; fileEncoding = 4; lastKnownFileType = sourcecode.c.h; path = NewAppGroupViewController.h; sourceTree = "<group>"; };
		6576BB4315E7FD0600FB5A98 /* NewAppGroupViewController.m */ = {isa = PBXFileReference; fileEncoding = 4; lastKnownFileType = sourcecode.c.objc; path = NewAppGroupViewController.m; sourceTree = "<group>"; };
		6576BB4815E7FF8500FB5A98 /* NewAppGroupView.h */ = {isa = PBXFileReference; fileEncoding = 4; lastKnownFileType = sourcecode.c.h; path = NewAppGroupView.h; sourceTree = "<group>"; };
		6576BB4915E7FF8500FB5A98 /* NewAppGroupView.m */ = {isa = PBXFileReference; fileEncoding = 4; lastKnownFileType = sourcecode.c.objc; path = NewAppGroupView.m; sourceTree = "<group>"; };
		6576BB4C15E8007000FB5A98 /* AppReceiver.h */ = {isa = PBXFileReference; fileEncoding = 4; lastKnownFileType = sourcecode.c.h; path = AppReceiver.h; sourceTree = "<group>"; };
		6576BB4D15E8007000FB5A98 /* AppReceiver.m */ = {isa = PBXFileReference; fileEncoding = 4; lastKnownFileType = sourcecode.c.objc; path = AppReceiver.m; sourceTree = "<group>"; };
		65D663AB15E5A4FD00C41FEA /* AppGroupController.h */ = {isa = PBXFileReference; fileEncoding = 4; lastKnownFileType = sourcecode.c.h; path = AppGroupController.h; sourceTree = "<group>"; };
		65D663AC15E5A4FD00C41FEA /* AppGroupController.m */ = {isa = PBXFileReference; fileEncoding = 4; lastKnownFileType = sourcecode.c.objc; path = AppGroupController.m; sourceTree = "<group>"; };
		65D663AF15E5A61800C41FEA /* IconListView.h */ = {isa = PBXFileReference; fileEncoding = 4; lastKnownFileType = sourcecode.c.h; path = IconListView.h; sourceTree = "<group>"; };
		65D663B015E5A61800C41FEA /* IconListView.m */ = {isa = PBXFileReference; fileEncoding = 4; lastKnownFileType = sourcecode.c.objc; path = IconListView.m; sourceTree = "<group>"; };
		65DE63B815F1718C007BF140 /* bg.png */ = {isa = PBXFileReference; lastKnownFileType = image.png; path = bg.png; sourceTree = "<group>"; };
/* End PBXFileReference section */

/* Begin PBXFrameworksBuildPhase section */
		6517C0E915E149BD00135B11 /* Frameworks */ = {
			isa = PBXFrameworksBuildPhase;
			buildActionMask = 2147483647;
			files = (
				6517C0F115E149BD00135B11 /* Cocoa.framework in Frameworks */,
			);
			runOnlyForDeploymentPostprocessing = 0;
		};
		6517C10915E149BE00135B11 /* Frameworks */ = {
			isa = PBXFrameworksBuildPhase;
			buildActionMask = 2147483647;
			files = (
				6517C10F15E149BE00135B11 /* SenTestingKit.framework in Frameworks */,
				6517C11015E149BE00135B11 /* Cocoa.framework in Frameworks */,
			);
			runOnlyForDeploymentPostprocessing = 0;
		};
/* End PBXFrameworksBuildPhase section */

/* Begin PBXGroup section */
		6517C0E115E149BD00135B11 = {
			isa = PBXGroup;
			children = (
				6517C0F615E149BD00135B11 /* WorkMode */,
				6517C11315E149BE00135B11 /* WorkModeTests */,
				6517C0EF15E149BD00135B11 /* Frameworks */,
				6517C0ED15E149BD00135B11 /* Products */,
			);
			sourceTree = "<group>";
		};
		6517C0ED15E149BD00135B11 /* Products */ = {
			isa = PBXGroup;
			children = (
				6517C0EC15E149BD00135B11 /* WorkMode.app */,
				6517C10D15E149BE00135B11 /* WorkModeTests.octest */,
			);
			name = Products;
			sourceTree = "<group>";
		};
		6517C0EF15E149BD00135B11 /* Frameworks */ = {
			isa = PBXGroup;
			children = (
				6517C0F015E149BD00135B11 /* Cocoa.framework */,
				6517C10E15E149BE00135B11 /* SenTestingKit.framework */,
				6517C0F215E149BD00135B11 /* Other Frameworks */,
			);
			name = Frameworks;
			sourceTree = "<group>";
		};
		6517C0F215E149BD00135B11 /* Other Frameworks */ = {
			isa = PBXGroup;
			children = (
				6517C0F315E149BD00135B11 /* AppKit.framework */,
				6517C0F415E149BD00135B11 /* CoreData.framework */,
				6517C0F515E149BD00135B11 /* Foundation.framework */,
			);
			name = "Other Frameworks";
			sourceTree = "<group>";
		};
		6517C0F615E149BD00135B11 /* WorkMode */ = {
			isa = PBXGroup;
			children = (
				65DE63BB15F17192007BF140 /* Resources */,
				6576BB4B15E8005500FB5A98 /* Super */,
				6576BB4115E7FC8400FB5A98 /* AddAppGroup */,
				6576BB3F15E7FC5000FB5A98 /* AppGroup */,
				651CDD8B15E794F400461C13 /* nibs */,
				6517C10215E149BD00135B11 /* AppDelegate.h */,
				655AB72815F0D27600C842BA /* BaseAppView.h */,
				655AB72915F0D27600C842BA /* BaseAppView.m */,
				6517C10315E149BD00135B11 /* AppDelegate.m */,
				6517C0F715E149BD00135B11 /* Supporting Files */,
			);
			path = WorkMode;
			sourceTree = "<group>";
		};
		6517C0F715E149BD00135B11 /* Supporting Files */ = {
			isa = PBXGroup;
			children = (
				6517C0F815E149BD00135B11 /* WorkMode-Info.plist */,
				6517C0F915E149BD00135B11 /* InfoPlist.strings */,
				6517C0FC15E149BD00135B11 /* main.m */,
				6517C0FE15E149BD00135B11 /* WorkMode-Prefix.pch */,
				6517C0FF15E149BD00135B11 /* Credits.rtf */,
			);
			name = "Supporting Files";
			sourceTree = "<group>";
		};
		6517C11315E149BE00135B11 /* WorkModeTests */ = {
			isa = PBXGroup;
			children = (
				6517C11915E149BE00135B11 /* WorkModeTests.h */,
				6517C11A15E149BE00135B11 /* WorkModeTests.m */,
				6517C11415E149BE00135B11 /* Supporting Files */,
			);
			path = WorkModeTests;
			sourceTree = "<group>";
		};
		6517C11415E149BE00135B11 /* Supporting Files */ = {
			isa = PBXGroup;
			children = (
				6517C11515E149BE00135B11 /* WorkModeTests-Info.plist */,
				6517C11615E149BE00135B11 /* InfoPlist.strings */,
			);
			name = "Supporting Files";
			sourceTree = "<group>";
		};
		651CDD8B15E794F400461C13 /* nibs */ = {
			isa = PBXGroup;
			children = (
				6517C10515E149BD00135B11 /* MainMenu.xib */,
				651CDD8915E7943200461C13 /* AppGroupView.xib */,
			);
			name = nibs;
			sourceTree = "<group>";
		};
		6576BB3F15E7FC5000FB5A98 /* AppGroup */ = {
			isa = PBXGroup;
			children = (
				65D663AB15E5A4FD00C41FEA /* AppGroupController.h */,
				65D663AC15E5A4FD00C41FEA /* AppGroupController.m */,
				6517C12C15E1563E00135B11 /* DragReceiver.h */,
				6517C12D15E1563E00135B11 /* DragReceiver.m */,
				65D663AF15E5A61800C41FEA /* IconListView.h */,
				65D663B015E5A61800C41FEA /* IconListView.m */,
				655AB71C15F0CA0F00C842BA /* AppGroupView.h */,
				655AB71D15F0CA0F00C842BA /* AppGroupView.m */,
			);
			name = AppGroup;
			sourceTree = "<group>";
		};
		6576BB4115E7FC8400FB5A98 /* AddAppGroup */ = {
			isa = PBXGroup;
			children = (
				6576BB4215E7FD0600FB5A98 /* NewAppGroupViewController.h */,
				6576BB4315E7FD0600FB5A98 /* NewAppGroupViewController.m */,
				6576BB4815E7FF8500FB5A98 /* NewAppGroupView.h */,
				6576BB4915E7FF8500FB5A98 /* NewAppGroupView.m */,
			);
			name = AddAppGroup;
			sourceTree = "<group>";
		};
		6576BB4B15E8005500FB5A98 /* Super */ = {
			isa = PBXGroup;
			children = (
				6576BB4C15E8007000FB5A98 /* AppReceiver.h */,
				6576BB4D15E8007000FB5A98 /* AppReceiver.m */,
			);
			name = Super;
			sourceTree = "<group>";
		};
		65DE63BB15F17192007BF140 /* Resources */ = {
			isa = PBXGroup;
			children = (
				65DE63B815F1718C007BF140 /* bg.png */,
			);
			name = Resources;
			sourceTree = "<group>";
		};
/* End PBXGroup section */

/* Begin PBXNativeTarget section */
		6517C0EB15E149BD00135B11 /* WorkMode */ = {
			isa = PBXNativeTarget;
			buildConfigurationList = 6517C11E15E149BE00135B11 /* Build configuration list for PBXNativeTarget "WorkMode" */;
			buildPhases = (
				6517C0E815E149BD00135B11 /* Sources */,
				6517C0E915E149BD00135B11 /* Frameworks */,
				6517C0EA15E149BD00135B11 /* Resources */,
			);
			buildRules = (
			);
			dependencies = (
			);
			name = WorkMode;
			productName = WorkMode;
			productReference = 6517C0EC15E149BD00135B11 /* WorkMode.app */;
			productType = "com.apple.product-type.application";
		};
		6517C10C15E149BE00135B11 /* WorkModeTests */ = {
			isa = PBXNativeTarget;
			buildConfigurationList = 6517C12115E149BE00135B11 /* Build configuration list for PBXNativeTarget "WorkModeTests" */;
			buildPhases = (
				6517C10815E149BE00135B11 /* Sources */,
				6517C10915E149BE00135B11 /* Frameworks */,
				6517C10A15E149BE00135B11 /* Resources */,
				6517C10B15E149BE00135B11 /* ShellScript */,
			);
			buildRules = (
			);
			dependencies = (
				6517C11215E149BE00135B11 /* PBXTargetDependency */,
			);
			name = WorkModeTests;
			productName = WorkModeTests;
			productReference = 6517C10D15E149BE00135B11 /* WorkModeTests.octest */;
			productType = "com.apple.product-type.bundle";
		};
/* End PBXNativeTarget section */

/* Begin PBXProject section */
		6517C0E315E149BD00135B11 /* Project object */ = {
			isa = PBXProject;
			attributes = {
				LastUpgradeCheck = 0440;
				ORGANIZATIONNAME = "Daniel Higginbotham";
			};
			buildConfigurationList = 6517C0E615E149BD00135B11 /* Build configuration list for PBXProject "WorkMode" */;
			compatibilityVersion = "Xcode 3.2";
			developmentRegion = English;
			hasScannedForEncodings = 0;
			knownRegions = (
				en,
			);
			mainGroup = 6517C0E115E149BD00135B11;
			productRefGroup = 6517C0ED15E149BD00135B11 /* Products */;
			projectDirPath = "";
			projectRoot = "";
			targets = (
				6517C0EB15E149BD00135B11 /* WorkMode */,
				6517C10C15E149BE00135B11 /* WorkModeTests */,
			);
		};
/* End PBXProject section */

/* Begin PBXResourcesBuildPhase section */
		6517C0EA15E149BD00135B11 /* Resources */ = {
			isa = PBXResourcesBuildPhase;
			buildActionMask = 2147483647;
			files = (
				6517C0FB15E149BD00135B11 /* InfoPlist.strings in Resources */,
				6517C10115E149BD00135B11 /* Credits.rtf in Resources */,
				6517C10715E149BD00135B11 /* MainMenu.xib in Resources */,
				651CDD8A15E7943200461C13 /* AppGroupView.xib in Resources */,
				65DE63B915F1718C007BF140 /* bg.png in Resources */,
			);
			runOnlyForDeploymentPostprocessing = 0;
		};
		6517C10A15E149BE00135B11 /* Resources */ = {
			isa = PBXResourcesBuildPhase;
			buildActionMask = 2147483647;
			files = (
				6517C11815E149BE00135B11 /* InfoPlist.strings in Resources */,
			);
			runOnlyForDeploymentPostprocessing = 0;
		};
/* End PBXResourcesBuildPhase section */

/* Begin PBXShellScriptBuildPhase section */
		6517C10B15E149BE00135B11 /* ShellScript */ = {
			isa = PBXShellScriptBuildPhase;
			buildActionMask = 2147483647;
			files = (
			);
			inputPaths = (
			);
			outputPaths = (
			);
			runOnlyForDeploymentPostprocessing = 0;
			shellPath = /bin/sh;
			shellScript = "# Run the unit tests in this test bundle.\n\"${SYSTEM_DEVELOPER_DIR}/Tools/RunUnitTests\"\n";
		};
/* End PBXShellScriptBuildPhase section */

/* Begin PBXSourcesBuildPhase section */
		6517C0E815E149BD00135B11 /* Sources */ = {
			isa = PBXSourcesBuildPhase;
			buildActionMask = 2147483647;
			files = (
				6517C0FD15E149BD00135B11 /* main.m in Sources */,
				6517C10415E149BD00135B11 /* AppDelegate.m in Sources */,
				6517C12E15E1563E00135B11 /* DragReceiver.m in Sources */,
				65D663AD15E5A4FD00C41FEA /* AppGroupController.m in Sources */,
				65D663B115E5A61800C41FEA /* IconListView.m in Sources */,
				6576BB4415E7FD0600FB5A98 /* NewAppGroupViewController.m in Sources */,
				6576BB4A15E7FF8500FB5A98 /* NewAppGroupView.m in Sources */,
				6576BB4E15E8007000FB5A98 /* AppReceiver.m in Sources */,
				655AB71E15F0CA0F00C842BA /* AppGroupView.m in Sources */,
				655AB72A15F0D27600C842BA /* BaseAppView.m in Sources */,
			);
			runOnlyForDeploymentPostprocessing = 0;
		};
		6517C10815E149BE00135B11 /* Sources */ = {
			isa = PBXSourcesBuildPhase;
			buildActionMask = 2147483647;
			files = (
				6517C11B15E149BE00135B11 /* WorkModeTests.m in Sources */,
			);
			runOnlyForDeploymentPostprocessing = 0;
		};
/* End PBXSourcesBuildPhase section */

/* Begin PBXTargetDependency section */
		6517C11215E149BE00135B11 /* PBXTargetDependency */ = {
			isa = PBXTargetDependency;
			target = 6517C0EB15E149BD00135B11 /* WorkMode */;
			targetProxy = 6517C11115E149BE00135B11 /* PBXContainerItemProxy */;
		};
/* End PBXTargetDependency section */

/* Begin PBXVariantGroup section */
		6517C0F915E149BD00135B11 /* InfoPlist.strings */ = {
			isa = PBXVariantGroup;
			children = (
				6517C0FA15E149BD00135B11 /* en */,
			);
			name = InfoPlist.strings;
			sourceTree = "<group>";
		};
		6517C0FF15E149BD00135B11 /* Credits.rtf */ = {
			isa = PBXVariantGroup;
			children = (
				6517C10015E149BD00135B11 /* en */,
			);
			name = Credits.rtf;
			sourceTree = "<group>";
		};
		6517C10515E149BD00135B11 /* MainMenu.xib */ = {
			isa = PBXVariantGroup;
			children = (
				6517C10615E149BD00135B11 /* en */,
			);
			name = MainMenu.xib;
			sourceTree = "<group>";
		};
		6517C11615E149BE00135B11 /* InfoPlist.strings */ = {
			isa = PBXVariantGroup;
			children = (
				6517C11715E149BE00135B11 /* en */,
			);
			name = InfoPlist.strings;
			sourceTree = "<group>";
		};
/* End PBXVariantGroup section */

/* Begin XCBuildConfiguration section */
		6517C11C15E149BE00135B11 /* Debug */ = {
			isa = XCBuildConfiguration;
			buildSettings = {
				ALWAYS_SEARCH_USER_PATHS = NO;
				ARCHS = "$(ARCHS_STANDARD_64_BIT)";
				CLANG_CXX_LANGUAGE_STANDARD = "gnu++0x";
				CLANG_ENABLE_OBJC_ARC = YES;
				CLANG_WARN__DUPLICATE_METHOD_MATCH = YES;
				COPY_PHASE_STRIP = NO;
				GCC_C_LANGUAGE_STANDARD = gnu99;
				GCC_DYNAMIC_NO_PIC = NO;
				GCC_ENABLE_OBJC_EXCEPTIONS = YES;
				GCC_OPTIMIZATION_LEVEL = 0;
				GCC_PREPROCESSOR_DEFINITIONS = (
					"DEBUG=1",
					"$(inherited)",
				);
				GCC_SYMBOLS_PRIVATE_EXTERN = NO;
				GCC_WARN_64_TO_32_BIT_CONVERSION = YES;
				GCC_WARN_ABOUT_RETURN_TYPE = YES;
				GCC_WARN_UNINITIALIZED_AUTOS = YES;
				GCC_WARN_UNUSED_VARIABLE = YES;
				MACOSX_DEPLOYMENT_TARGET = 10.8;
				ONLY_ACTIVE_ARCH = YES;
				SDKROOT = macosx;
			};
			name = Debug;
		};
		6517C11D15E149BE00135B11 /* Release */ = {
			isa = XCBuildConfiguration;
			buildSettings = {
				ALWAYS_SEARCH_USER_PATHS = NO;
				ARCHS = "$(ARCHS_STANDARD_64_BIT)";
				CLANG_CXX_LANGUAGE_STANDARD = "gnu++0x";
				CLANG_ENABLE_OBJC_ARC = YES;
				CLANG_WARN__DUPLICATE_METHOD_MATCH = YES;
				COPY_PHASE_STRIP = YES;
				DEBUG_INFORMATION_FORMAT = "dwarf-with-dsym";
				GCC_C_LANGUAGE_STANDARD = gnu99;
				GCC_ENABLE_OBJC_EXCEPTIONS = YES;
				GCC_WARN_64_TO_32_BIT_CONVERSION = YES;
				GCC_WARN_ABOUT_RETURN_TYPE = YES;
				GCC_WARN_UNINITIALIZED_AUTOS = YES;
				GCC_WARN_UNUSED_VARIABLE = YES;
				MACOSX_DEPLOYMENT_TARGET = 10.8;
				SDKROOT = macosx;
			};
			name = Release;
		};
		6517C11F15E149BE00135B11 /* Debug */ = {
			isa = XCBuildConfiguration;
			buildSettings = {
				COMBINE_HIDPI_IMAGES = YES;
				GCC_PRECOMPILE_PREFIX_HEADER = YES;
				GCC_PREFIX_HEADER = "WorkMode/WorkMode-Prefix.pch";
				INFOPLIST_FILE = "WorkMode/WorkMode-Info.plist";
				PRODUCT_NAME = "$(TARGET_NAME)";
				WRAPPER_EXTENSION = app;
			};
			name = Debug;
		};
		6517C12015E149BE00135B11 /* Release */ = {
			isa = XCBuildConfiguration;
			buildSettings = {
				COMBINE_HIDPI_IMAGES = YES;
				GCC_PRECOMPILE_PREFIX_HEADER = YES;
				GCC_PREFIX_HEADER = "WorkMode/WorkMode-Prefix.pch";
				INFOPLIST_FILE = "WorkMode/WorkMode-Info.plist";
				PRODUCT_NAME = "$(TARGET_NAME)";
				WRAPPER_EXTENSION = app;
			};
			name = Release;
		};
		6517C12215E149BE00135B11 /* Debug */ = {
			isa = XCBuildConfiguration;
			buildSettings = {
				BUNDLE_LOADER = "$(BUILT_PRODUCTS_DIR)/WorkMode.app/Contents/MacOS/WorkMode";
				COMBINE_HIDPI_IMAGES = YES;
				FRAMEWORK_SEARCH_PATHS = "\"$(DEVELOPER_LIBRARY_DIR)/Frameworks\"";
				GCC_PRECOMPILE_PREFIX_HEADER = YES;
				GCC_PREFIX_HEADER = "WorkMode/WorkMode-Prefix.pch";
				INFOPLIST_FILE = "WorkModeTests/WorkModeTests-Info.plist";
				PRODUCT_NAME = "$(TARGET_NAME)";
				TEST_HOST = "$(BUNDLE_LOADER)";
				WRAPPER_EXTENSION = octest;
			};
			name = Debug;
		};
		6517C12315E149BE00135B11 /* Release */ = {
			isa = XCBuildConfiguration;
			buildSettings = {
				BUNDLE_LOADER = "$(BUILT_PRODUCTS_DIR)/WorkMode.app/Contents/MacOS/WorkMode";
				COMBINE_HIDPI_IMAGES = YES;
				FRAMEWORK_SEARCH_PATHS = "\"$(DEVELOPER_LIBRARY_DIR)/Frameworks\"";
				GCC_PRECOMPILE_PREFIX_HEADER = YES;
				GCC_PREFIX_HEADER = "WorkMode/WorkMode-Prefix.pch";
				INFOPLIST_FILE = "WorkModeTests/WorkModeTests-Info.plist";
				PRODUCT_NAME = "$(TARGET_NAME)";
				TEST_HOST = "$(BUNDLE_LOADER)";
				WRAPPER_EXTENSION = octest;
			};
			name = Release;
		};
/* End XCBuildConfiguration section */

/* Begin XCConfigurationList section */
		6517C0E615E149BD00135B11 /* Build configuration list for PBXProject "WorkMode" */ = {
			isa = XCConfigurationList;
			buildConfigurations = (
				6517C11C15E149BE00135B11 /* Debug */,
				6517C11D15E149BE00135B11 /* Release */,
			);
			defaultConfigurationIsVisible = 0;
			defaultConfigurationName = Release;
		};
		6517C11E15E149BE00135B11 /* Build configuration list for PBXNativeTarget "WorkMode" */ = {
			isa = XCConfigurationList;
			buildConfigurations = (
				6517C11F15E149BE00135B11 /* Debug */,
				6517C12015E149BE00135B11 /* Release */,
			);
			defaultConfigurationIsVisible = 0;
			defaultConfigurationName = Release;
		};
		6517C12115E149BE00135B11 /* Build configuration list for PBXNativeTarget "WorkModeTests" */ = {
			isa = XCConfigurationList;
			buildConfigurations = (
				6517C12215E149BE00135B11 /* Debug */,
				6517C12315E149BE00135B11 /* Release */,
			);
			defaultConfigurationIsVisible = 0;
			defaultConfigurationName = Release;
		};
/* End XCConfigurationList section */
	};
	rootObject = 6517C0E315E149BD00135B11 /* Project object */;
}
